{
  "version": 4,
  "terraform_version": "1.6.2",
  "serial": 19,
  "lineage": "6b8dbec7-a285-90eb-89bb-7515b7e44d93",
  "outputs": {},
  "resources": [
    {
      "mode": "managed",
      "type": "local_file",
      "name": "my_pet",
      "provider": "provider[\"registry.terraform.io/hashicorp/local\"]",
      "instances": [
        {
          "schema_version": 0,
          "attributes": {
            "content": "This is a different pet file",
            "content_base64": null,
            "content_base64sha256": "dm7oEbeHLvaxWJZeoAEx0/FbWrNw+Qil3XupbcZuV3I=",
            "content_base64sha512": "zX35dvdavGiblIU+esIjVJmadL4ZSNkqzvaVDh0oYwLKDeLXD3G7EQKEG+DJA5WK0gnqU8stuPE1PrW5aYhGPA==",
            "content_md5": "e986e50aa5832b36b0be0f7cd67301b3",
            "content_sha1": "4557274600b064b0414c43bac13fca56b9c7a602",
            "content_sha256": "766ee811b7872ef6b158965ea00131d3f15b5ab370f908a5dd7ba96dc66e5772",
            "content_sha512": "cd7df976f75abc689b94853e7ac22354999a74be1948d92acef6950e1d286302ca0de2d70f71bb1102841be0c903958ad209ea53cb2db8f1353eb5b96988463c",
            "directory_permission": "0777",
            "file_permission": "0777",
            "filename": "/home/remote_user/terraform-local-file/Map/pets.txt",
            "id": "4557274600b064b0414c43bac13fca56b9c7a602",
            "sensitive_content": null,
            "source": null
          },
          "sensitive_attributes": []
        }
      ]
    }
  ],
  "check_results": null
}
