{
  "version": 4,
  "terraform_version": "1.6.2",
  "serial": 16,
  "lineage": "6b8dbec7-a285-90eb-89bb-7515b7e44d93",
  "outputs": {},
  "resources": [
    {
      "mode": "managed",
      "type": "local_file",
      "name": "my_pet",
      "provider": "provider[\"registry.terraform.io/hashicorp/local\"]",
      "instances": [
        {
          "schema_version": 0,
          "attributes": {
            "content": "This is a pet file",
            "content_base64": null,
            "content_base64sha256": "1TJr5IGTrZXS8B83uvnOeQyg8IcWZwCW4CVQPgxlaqA=",
            "content_base64sha512": "EDtw9tm7rdSpKb+q7cmoRngOGpeDuJUOrz3EmEOsqjIyci2H39npBLPgFnAj42x11y43qsCbbt+N3sjZ+G3AoQ==",
            "content_md5": "fb86962a8c036d8f24e4670450274bda",
            "content_sha1": "2d66a4eb715e52f22d6f74e0ebdd6483534de8bd",
            "content_sha256": "d5326be48193ad95d2f01f37baf9ce790ca0f08716670096e025503e0c656aa0",
            "content_sha512": "103b70f6d9bbadd4a929bfaaedc9a846780e1a9783b8950eaf3dc49843acaa3232722d87dfd9e904b3e0167023e36c75d72e37aac09b6edf8ddec8d9f86dc0a1",
            "directory_permission": "0777",
            "file_permission": "0777",
            "filename": "/home/remote_user/terraform-local-file/Map/pets.txt",
            "id": "2d66a4eb715e52f22d6f74e0ebdd6483534de8bd",
            "sensitive_content": null,
            "source": null
          },
          "sensitive_attributes": []
        }
      ]
    }
  ],
  "check_results": null
}
